{
  "name": "imgapi",
  "lockfileVersion": 3,
  "requires": true,
  "packages": {
    "": {
      "dependencies": {
        "@google/generative-ai": "^0.24.1",
        "@gradio/client": "^2.0.4"
      }
    },
    "node_modules/@google/generative-ai": {
      "version": "0.24.1",
      "resolved": "https://registry.npmjs.org/@google/generative-ai/-/generative-ai-0.24.1.tgz",
      "integrity": "sha512-MqO+MLfM6kjxcKoy0p1wRzG3b4ZZXtPI+z2IE26UogS2Cm/XHO+7gGRBh6gcJsOiIVoH93UwKvW4HdgiOZCy9Q==",
      "engines": {
        "node": ">=18.0.0"
      }
    },
    "node_modules/@gradio/client": {
      "version": "2.0.4",
      "resolved": "https://registry.npmjs.org/@gradio/client/-/client-2.0.4.tgz",
      "integrity": "sha512-pYywxUpamTYQLca01YAlTBwr2eb3H8d9s7geeQdexuPkM7p+EN2LhyzgNRN4yZrpn4swwfwP1fOoadKgd1b6Ww==",
      "dependencies": {
        "fetch-event-stream": "^0.1.5"
      },
      "engines": {
        "node": ">=18.0.0"
      }
    },
    "node_modules/fetch-event-stream": {
      "version": "0.1.6",
      "resolved": "https://registry.npmjs.org/fetch-event-stream/-/fetch-event-stream-0.1.6.tgz",
      "integrity": "sha512-GREtJ5HNikdU2AXtZ6E/5bk+aslMU6ie5mPG6H9nvsdDkkHQ6m5lHwmmmDTOBexok9hApQ7EprsXCdmz9ZC68w=="
    }
  }
}
